// !$*UTF8*$!
{
	archiveVersion = 1;
	classes = {
	};
	objectVersion = 46;
	objects = {

/* Begin PBXBuildFile section */
		436AD7F41BE6716E001899E5 /* HHLDiscoverVC.m in Sources */ = {isa = PBXBuildFile; fileRef = 436AD7D51BE6716E001899E5 /* HHLDiscoverVC.m */; };
		436AD7F51BE6716E001899E5 /* HHLHomeVC.m in Sources */ = {isa = PBXBuildFile; fileRef = 436AD7DB1BE6716E001899E5 /* HHLHomeVC.m */; };
		436AD7F61BE6716E001899E5 /* HHLPlusButton.m in Sources */ = {isa = PBXBuildFile; fileRef = 436AD7E11BE6716E001899E5 /* HHLPlusButton.m */; };
		436AD7F71BE6716E001899E5 /* HHLTabBarVC.m in Sources */ = {isa = PBXBuildFile; fileRef = 436AD7E31BE6716E001899E5 /* HHLTabBarVC.m */; };
		436AD7F81BE6716E001899E5 /* HHLMeVC.m in Sources */ = {isa = PBXBuildFile; fileRef = 436AD7E91BE6716E001899E5 /* HHLMeVC.m */; };
		436AD7F91BE6716E001899E5 /* HHLMessageVC.m in Sources */ = {isa = PBXBuildFile; fileRef = 436AD7EF1BE6716E001899E5 /* HHLMessageVC.m */; };
		43827C9E1BE4DDF800EB2A62 /* main.m in Sources */ = {isa = PBXBuildFile; fileRef = 43827C9D1BE4DDF800EB2A62 /* main.m */; };
		43827CA11BE4DDF800EB2A62 /* AppDelegate.m in Sources */ = {isa = PBXBuildFile; fileRef = 43827CA01BE4DDF800EB2A62 /* AppDelegate.m */; };
		43827CA91BE4DDF800EB2A62 /* Assets.xcassets in Resources */ = {isa = PBXBuildFile; fileRef = 43827CA81BE4DDF800EB2A62 /* Assets.xcassets */; };
/* End PBXBuildFile section */

/* Begin PBXFileReference section */
		436AD7D41BE6716E001899E5 /* HHLDiscoverVC.h */ = {isa = PBXFileReference; fileEncoding = 4; lastKnownFileType = sourcecode.c.h; path = HHLDiscoverVC.h; sourceTree = "<group>"; };
		436AD7D51BE6716E001899E5 /* HHLDiscoverVC.m */ = {isa = PBXFileReference; fileEncoding = 4; lastKnownFileType = sourcecode.c.objc; path = HHLDiscoverVC.m; sourceTree = "<group>"; };
		436AD7DA1BE6716E001899E5 /* HHLHomeVC.h */ = {isa = PBXFileReference; fileEncoding = 4; lastKnownFileType = sourcecode.c.h; path = HHLHomeVC.h; sourceTree = "<group>"; };
		436AD7DB1BE6716E001899E5 /* HHLHomeVC.m */ = {isa = PBXFileReference; fileEncoding = 4; lastKnownFileType = sourcecode.c.objc; path = HHLHomeVC.m; sourceTree = "<group>"; };
		436AD7E01BE6716E001899E5 /* HHLPlusButton.h */ = {isa = PBXFileReference; fileEncoding = 4; lastKnownFileType = sourcecode.c.h; path = HHLPlusButton.h; sourceTree = "<group>"; };
		436AD7E11BE6716E001899E5 /* HHLPlusButton.m */ = {isa = PBXFileReference; fileEncoding = 4; lastKnownFileType = sourcecode.c.objc; path = HHLPlusButton.m; sourceTree = "<group>"; };
		436AD7E21BE6716E001899E5 /* HHLTabBarVC.h */ = {isa = PBXFileReference; fileEncoding = 4; lastKnownFileType = sourcecode.c.h; path = HHLTabBarVC.h; sourceTree = "<group>"; };
		436AD7E31BE6716E001899E5 /* HHLTabBarVC.m */ = {isa = PBXFileReference; fileEncoding = 4; lastKnownFileType = sourcecode.c.objc; path = HHLTabBarVC.m; sourceTree = "<group>"; };
		436AD7E81BE6716E001899E5 /* HHLMeVC.h */ = {isa = PBXFileReference; fileEncoding = 4; lastKnownFileType = sourcecode.c.h; path = HHLMeVC.h; sourceTree = "<group>"; };
		436AD7E91BE6716E001899E5 /* HHLMeVC.m */ = {isa = PBXFileReference; fileEncoding = 4; lastKnownFileType = sourcecode.c.objc; path = HHLMeVC.m; sourceTree = "<group>"; };
		436AD7EE1BE6716E001899E5 /* HHLMessageVC.h */ = {isa = PBXFileReference; fileEncoding = 4; lastKnownFileType = sourcecode.c.h; path = HHLMessageVC.h; sourceTree = "<group>"; };
		436AD7EF1BE6716E001899E5 /* HHLMessageVC.m */ = {isa = PBXFileReference; fileEncoding = 4; lastKnownFileType = sourcecode.c.objc; path = HHLMessageVC.m; sourceTree = "<group>"; };
		43827C991BE4DDF800EB2A62 /* OCSina.app */ = {isa = PBXFileReference; explicitFileType = wrapper.application; includeInIndex = 0; path = OCSina.app; sourceTree = BUILT_PRODUCTS_DIR; };
		43827C9D1BE4DDF800EB2A62 /* main.m */ = {isa = PBXFileReference; lastKnownFileType = sourcecode.c.objc; path = main.m; sourceTree = "<group>"; };
		43827C9F1BE4DDF800EB2A62 /* AppDelegate.h */ = {isa = PBXFileReference; lastKnownFileType = sourcecode.c.h; path = AppDelegate.h; sourceTree = "<group>"; };
		43827CA01BE4DDF800EB2A62 /* AppDelegate.m */ = {isa = PBXFileReference; lastKnownFileType = sourcecode.c.objc; path = AppDelegate.m; sourceTree = "<group>"; };
		43827CA81BE4DDF800EB2A62 /* Assets.xcassets */ = {isa = PBXFileReference; lastKnownFileType = folder.assetcatalog; path = Assets.xcassets; sourceTree = "<group>"; };
		43827CAD1BE4DDF800EB2A62 /* Info.plist */ = {isa = PBXFileReference; lastKnownFileType = text.plist.xml; path = Info.plist; sourceTree = "<group>"; };
/* End PBXFileReference section */

/* Begin PBXFrameworksBuildPhase section */
		43827C961BE4DDF800EB2A62 /* Frameworks */ = {
			isa = PBXFrameworksBuildPhase;
			buildActionMask = 2147483647;
			files = (
			);
			runOnlyForDeploymentPostprocessing = 0;
		};
/* End PBXFrameworksBuildPhase section */

/* Begin PBXGroup section */
		436AD7D11BE6716E001899E5 /* Classes */ = {
			isa = PBXGroup;
			children = (
				436AD7D21BE6716E001899E5 /* Discover */,
				436AD7D81BE6716E001899E5 /* Home */,
				436AD7DE1BE6716E001899E5 /* Main */,
				436AD7E61BE6716E001899E5 /* Me */,
				436AD7EC1BE6716E001899E5 /* Message */,
				436AD7F21BE6716E001899E5 /* Other */,
				436AD7F31BE6716E001899E5 /* Temp */,
			);
			path = Classes;
			sourceTree = "<group>";
		};
		436AD7D21BE6716E001899E5 /* Discover */ = {
			isa = PBXGroup;
			children = (
				436AD7D31BE6716E001899E5 /* Controller */,
				436AD7D61BE6716E001899E5 /* Model */,
				436AD7D71BE6716E001899E5 /* View */,
			);
			path = Discover;
			sourceTree = "<group>";
		};
		436AD7D31BE6716E001899E5 /* Controller */ = {
			isa = PBXGroup;
			children = (
				436AD7D41BE6716E001899E5 /* HHLDiscoverVC.h */,
				436AD7D51BE6716E001899E5 /* HHLDiscoverVC.m */,
			);
			path = Controller;
			sourceTree = "<group>";
		};
		436AD7D61BE6716E001899E5 /* Model */ = {
			isa = PBXGroup;
			children = (
			);
			path = Model;
			sourceTree = "<group>";
		};
		436AD7D71BE6716E001899E5 /* View */ = {
			isa = PBXGroup;
			children = (
			);
			path = View;
			sourceTree = "<group>";
		};
		436AD7D81BE6716E001899E5 /* Home */ = {
			isa = PBXGroup;
			children = (
				436AD7D91BE6716E001899E5 /* Controller */,
				436AD7DC1BE6716E001899E5 /* Model */,
				436AD7DD1BE6716E001899E5 /* View */,
			);
			path = Home;
			sourceTree = "<group>";
		};
		436AD7D91BE6716E001899E5 /* Controller */ = {
			isa = PBXGroup;
			children = (
				436AD7DA1BE6716E001899E5 /* HHLHomeVC.h */,
				436AD7DB1BE6716E001899E5 /* HHLHomeVC.m */,
			);
			path = Controller;
			sourceTree = "<group>";
		};
		436AD7DC1BE6716E001899E5 /* Model */ = {
			isa = PBXGroup;
			children = (
			);
			path = Model;
			sourceTree = "<group>";
		};
		436AD7DD1BE6716E001899E5 /* View */ = {
			isa = PBXGroup;
			children = (
			);
			path = View;
			sourceTree = "<group>";
		};
		436AD7DE1BE6716E001899E5 /* Main */ = {
			isa = PBXGroup;
			children = (
				436AD7DF1BE6716E001899E5 /* Controller */,
				436AD7E41BE6716E001899E5 /* Model */,
				436AD7E51BE6716E001899E5 /* View */,
			);
			path = Main;
			sourceTree = "<group>";
		};
		436AD7DF1BE6716E001899E5 /* Controller */ = {
			isa = PBXGroup;
			children = (
				436AD7E01BE6716E001899E5 /* HHLPlusButton.h */,
				436AD7E11BE6716E001899E5 /* HHLPlusButton.m */,
				436AD7E21BE6716E001899E5 /* HHLTabBarVC.h */,
				436AD7E31BE6716E001899E5 /* HHLTabBarVC.m */,
			);
			path = Controller;
			sourceTree = "<group>";
		};
		436AD7E41BE6716E001899E5 /* Model */ = {
			isa = PBXGroup;
			children = (
			);
			path = Model;
			sourceTree = "<group>";
		};
		436AD7E51BE6716E001899E5 /* View */ = {
			isa = PBXGroup;
			children = (
			);
			path = View;
			sourceTree = "<group>";
		};
		436AD7E61BE6716E001899E5 /* Me */ = {
			isa = PBXGroup;
			children = (
				436AD7E71BE6716E001899E5 /* Controller */,
				436AD7EA1BE6716E001899E5 /* Model */,
				436AD7EB1BE6716E001899E5 /* View */,
			);
			path = Me;
			sourceTree = "<group>";
		};
		436AD7E71BE6716E001899E5 /* Controller */ = {
			isa = PBXGroup;
			children = (
				436AD7E81BE6716E001899E5 /* HHLMeVC.h */,
				436AD7E91BE6716E001899E5 /* HHLMeVC.m */,
			);
			path = Controller;
			sourceTree = "<group>";
		};
		436AD7EA1BE6716E001899E5 /* Model */ = {
			isa = PBXGroup;
			children = (
			);
			path = Model;
			sourceTree = "<group>";
		};
		436AD7EB1BE6716E001899E5 /* View */ = {
			isa = PBXGroup;
			children = (
			);
			path = View;
			sourceTree = "<group>";
		};
		436AD7EC1BE6716E001899E5 /* Message */ = {
			isa = PBXGroup;
			children = (
				436AD7ED1BE6716E001899E5 /* Controller */,
				436AD7F01BE6716E001899E5 /* Model */,
				436AD7F11BE6716E001899E5 /* View */,
			);
			path = Message;
			sourceTree = "<group>";
		};
		436AD7ED1BE6716E001899E5 /* Controller */ = {
			isa = PBXGroup;
			children = (
				436AD7EE1BE6716E001899E5 /* HHLMessageVC.h */,
				436AD7EF1BE6716E001899E5 /* HHLMessageVC.m */,
			);
			path = Controller;
			sourceTree = "<group>";
		};
		436AD7F01BE6716E001899E5 /* Model */ = {
			isa = PBXGroup;
			children = (
			);
			path = Model;
			sourceTree = "<group>";
		};
		436AD7F11BE6716E001899E5 /* View */ = {
			isa = PBXGroup;
			children = (
			);
			path = View;
			sourceTree = "<group>";
		};
		436AD7F21BE6716E001899E5 /* Other */ = {
			isa = PBXGroup;
			children = (
			);
			path = Other;
			sourceTree = "<group>";
		};
		436AD7F31BE6716E001899E5 /* Temp */ = {
			isa = PBXGroup;
			children = (
			);
			path = Temp;
			sourceTree = "<group>";
		};
		43827C901BE4DDF800EB2A62 = {
			isa = PBXGroup;
			children = (
				43827C9B1BE4DDF800EB2A62 /* OCSina */,
				43827C9A1BE4DDF800EB2A62 /* Products */,
			);
			sourceTree = "<group>";
		};
		43827C9A1BE4DDF800EB2A62 /* Products */ = {
			isa = PBXGroup;
			children = (
				43827C991BE4DDF800EB2A62 /* OCSina.app */,
			);
			name = Products;
			sourceTree = "<group>";
		};
		43827C9B1BE4DDF800EB2A62 /* OCSina */ = {
			isa = PBXGroup;
			children = (
				436AD7D11BE6716E001899E5 /* Classes */,
				43827C9F1BE4DDF800EB2A62 /* AppDelegate.h */,
				43827CA01BE4DDF800EB2A62 /* AppDelegate.m */,
				43827CA81BE4DDF800EB2A62 /* Assets.xcassets */,
				43827CAD1BE4DDF800EB2A62 /* Info.plist */,
				43827C9C1BE4DDF800EB2A62 /* Supporting Files */,
			);
			path = OCSina;
			sourceTree = "<group>";
		};
		43827C9C1BE4DDF800EB2A62 /* Supporting Files */ = {
			isa = PBXGroup;
			children = (
				43827C9D1BE4DDF800EB2A62 /* main.m */,
			);
			name = "Supporting Files";
			sourceTree = "<group>";
		};
/* End PBXGroup section */

/* Begin PBXNativeTarget section */
		43827C981BE4DDF800EB2A62 /* OCSina */ = {
			isa = PBXNativeTarget;
			buildConfigurationList = 43827CB01BE4DDF800EB2A62 /* Build configuration list for PBXNativeTarget "OCSina" */;
			buildPhases = (
				43827C951BE4DDF800EB2A62 /* Sources */,
				43827C961BE4DDF800EB2A62 /* Frameworks */,
				43827C971BE4DDF800EB2A62 /* Resources */,
			);
			buildRules = (
			);
			dependencies = (
			);
			name = OCSina;
			productName = OCSina;
			productReference = 43827C991BE4DDF800EB2A62 /* OCSina.app */;
			productType = "com.apple.product-type.application";
		};
/* End PBXNativeTarget section */

/* Begin PBXProject section */
		43827C911BE4DDF800EB2A62 /* Project object */ = {
			isa = PBXProject;
			attributes = {
				LastUpgradeCheck = 0710;
				ORGANIZATIONNAME = "呆萌诺";
				TargetAttributes = {
					43827C981BE4DDF800EB2A62 = {
						CreatedOnToolsVersion = 7.1;
						DevelopmentTeam = XS623VA94J;
					};
				};
			};
			buildConfigurationList = 43827C941BE4DDF800EB2A62 /* Build configuration list for PBXProject "OCSina" */;
			compatibilityVersion = "Xcode 3.2";
			developmentRegion = English;
			hasScannedForEncodings = 0;
			knownRegions = (
				en,
				Base,
			);
			mainGroup = 43827C901BE4DDF800EB2A62;
			productRefGroup = 43827C9A1BE4DDF800EB2A62 /* Products */;
			projectDirPath = "";
			projectRoot = "";
			targets = (
				43827C981BE4DDF800EB2A62 /* OCSina */,
			);
		};
/* End PBXProject section */

/* Begin PBXResourcesBuildPhase section */
		43827C971BE4DDF800EB2A62 /* Resources */ = {
			isa = PBXResourcesBuildPhase;
			buildActionMask = 2147483647;
			files = (
				43827CA91BE4DDF800EB2A62 /* Assets.xcassets in Resources */,
			);
			runOnlyForDeploymentPostprocessing = 0;
		};
/* End PBXResourcesBuildPhase section */

/* Begin PBXSourcesBuildPhase section */
		43827C951BE4DDF800EB2A62 /* Sources */ = {
			isa = PBXSourcesBuildPhase;
			buildActionMask = 2147483647;
			files = (
				436AD7F51BE6716E001899E5 /* HHLHomeVC.m in Sources */,
				436AD7F71BE6716E001899E5 /* HHLTabBarVC.m in Sources */,
				436AD7F81BE6716E001899E5 /* HHLMeVC.m in Sources */,
				436AD7F91BE6716E001899E5 /* HHLMessageVC.m in Sources */,
				436AD7F41BE6716E001899E5 /* HHLDiscoverVC.m in Sources */,
				436AD7F61BE6716E001899E5 /* HHLPlusButton.m in Sources */,
				43827CA11BE4DDF800EB2A62 /* AppDelegate.m in Sources */,
				43827C9E1BE4DDF800EB2A62 /* main.m in Sources */,
			);
			runOnlyForDeploymentPostprocessing = 0;
		};
/* End PBXSourcesBuildPhase section */

/* Begin XCBuildConfiguration section */
		43827CAE1BE4DDF800EB2A62 /* Debug */ = {
			isa = XCBuildConfiguration;
			buildSettings = {
				ALWAYS_SEARCH_USER_PATHS = NO;
				CLANG_CXX_LANGUAGE_STANDARD = "gnu++0x";
				CLANG_CXX_LIBRARY = "libc++";
				CLANG_ENABLE_MODULES = YES;
				CLANG_ENABLE_OBJC_ARC = YES;
				CLANG_WARN_BOOL_CONVERSION = YES;
				CLANG_WARN_CONSTANT_CONVERSION = YES;
				CLANG_WARN_DIRECT_OBJC_ISA_USAGE = YES_ERROR;
				CLANG_WARN_EMPTY_BODY = YES;
				CLANG_WARN_ENUM_CONVERSION = YES;
				CLANG_WARN_INT_CONVERSION = YES;
				CLANG_WARN_OBJC_ROOT_CLASS = YES_ERROR;
				CLANG_WARN_UNREACHABLE_CODE = YES;
				CLANG_WARN__DUPLICATE_METHOD_MATCH = YES;
				"CODE_SIGN_IDENTITY[sdk=iphoneos*]" = "iPhone Developer";
				COPY_PHASE_STRIP = NO;
				DEBUG_INFORMATION_FORMAT = dwarf;
				ENABLE_STRICT_OBJC_MSGSEND = YES;
				ENABLE_TESTABILITY = YES;
				GCC_C_LANGUAGE_STANDARD = gnu99;
				GCC_DYNAMIC_NO_PIC = NO;
				GCC_NO_COMMON_BLOCKS = YES;
				GCC_OPTIMIZATION_LEVEL = 0;
				GCC_PREPROCESSOR_DEFINITIONS = (
					"DEBUG=1",
					"$(inherited)",
				);
				GCC_WARN_64_TO_32_BIT_CONVERSION = YES;
				GCC_WARN_ABOUT_RETURN_TYPE = YES_ERROR;
				GCC_WARN_UNDECLARED_SELECTOR = YES;
				GCC_WARN_UNINITIALIZED_AUTOS = YES_AGGRESSIVE;
				GCC_WARN_UNUSED_FUNCTION = YES;
				GCC_WARN_UNUSED_VARIABLE = YES;
				IPHONEOS_DEPLOYMENT_TARGET = 9.1;
				MTL_ENABLE_DEBUG_INFO = YES;
				ONLY_ACTIVE_ARCH = YES;
				SDKROOT = iphoneos;
				TARGETED_DEVICE_FAMILY = "1,2";
			};
			name = Debug;
		};
		43827CAF1BE4DDF800EB2A62 /* Release */ = {
			isa = XCBuildConfiguration;
			buildSettings = {
				ALWAYS_SEARCH_USER_PATHS = NO;
				CLANG_CXX_LANGUAGE_STANDARD = "gnu++0x";
				CLANG_CXX_LIBRARY = "libc++";
				CLANG_ENABLE_MODULES = YES;
				CLANG_ENABLE_OBJC_ARC = YES;
				CLANG_WARN_BOOL_CONVERSION = YES;
				CLANG_WARN_CONSTANT_CONVERSION = YES;
				CLANG_WARN_DIRECT_OBJC_ISA_USAGE = YES_ERROR;
				CLANG_WARN_EMPTY_BODY = YES;
				CLANG_WARN_ENUM_CONVERSION = YES;
				CLANG_WARN_INT_CONVERSION = YES;
				CLANG_WARN_OBJC_ROOT_CLASS = YES_ERROR;
				CLANG_WARN_UNREACHABLE_CODE = YES;
				CLANG_WARN__DUPLICATE_METHOD_MATCH = YES;
				"CODE_SIGN_IDENTITY[sdk=iphoneos*]" = "iPhone Developer";
				COPY_PHASE_STRIP = NO;
				DEBUG_INFORMATION_FORMAT = "dwarf-with-dsym";
				ENABLE_NS_ASSERTIONS = NO;
				ENABLE_STRICT_OBJC_MSGSEND = YES;
				GCC_C_LANGUAGE_STANDARD = gnu99;
				GCC_NO_COMMON_BLOCKS = YES;
				GCC_WARN_64_TO_32_BIT_CONVERSION = YES;
				GCC_WARN_ABOUT_RETURN_TYPE = YES_ERROR;
				GCC_WARN_UNDECLARED_SELECTOR = YES;
				GCC_WARN_UNINITIALIZED_AUTOS = YES_AGGRESSIVE;
				GCC_WARN_UNUSED_FUNCTION = YES;
				GCC_WARN_UNUSED_VARIABLE = YES;
				IPHONEOS_DEPLOYMENT_TARGET = 9.1;
				MTL_ENABLE_DEBUG_INFO = NO;
				SDKROOT = iphoneos;
				TARGETED_DEVICE_FAMILY = "1,2";
				VALIDATE_PRODUCT = YES;
			};
			name = Release;
		};
		43827CB11BE4DDF800EB2A62 /* Debug */ = {
			isa = XCBuildConfiguration;
			buildSettings = {
				ASSETCATALOG_COMPILER_APPICON_NAME = AppIcon;
				ASSETCATALOG_COMPILER_LAUNCHIMAGE_NAME = "Brand Assets";
				INFOPLIST_FILE = OCSina/Info.plist;
				IPHONEOS_DEPLOYMENT_TARGET = 8.0;
				LD_RUNPATH_SEARCH_PATHS = "$(inherited) @executable_path/Frameworks";
				PRODUCT_BUNDLE_IDENTIFIER = OCSina;
				PRODUCT_NAME = "$(TARGET_NAME)";
			};
			name = Debug;
		};
		43827CB21BE4DDF800EB2A62 /* Release */ = {
			isa = XCBuildConfiguration;
			buildSettings = {
				ASSETCATALOG_COMPILER_APPICON_NAME = AppIcon;
				ASSETCATALOG_COMPILER_LAUNCHIMAGE_NAME = "Brand Assets";
				INFOPLIST_FILE = OCSina/Info.plist;
				IPHONEOS_DEPLOYMENT_TARGET = 8.0;
				LD_RUNPATH_SEARCH_PATHS = "$(inherited) @executable_path/Frameworks";
				PRODUCT_BUNDLE_IDENTIFIER = OCSina;
				PRODUCT_NAME = "$(TARGET_NAME)";
			};
			name = Release;
		};
/* End XCBuildConfiguration section */

/* Begin XCConfigurationList section */
		43827C941BE4DDF800EB2A62 /* Build configuration list for PBXProject "OCSina" */ = {
			isa = XCConfigurationList;
			buildConfigurations = (
				43827CAE1BE4DDF800EB2A62 /* Debug */,
				43827CAF1BE4DDF800EB2A62 /* Release */,
			);
			defaultConfigurationIsVisible = 0;
			defaultConfigurationName = Release;
		};
		43827CB01BE4DDF800EB2A62 /* Build configuration list for PBXNativeTarget "OCSina" */ = {
			isa = XCConfigurationList;
			buildConfigurations = (
				43827CB11BE4DDF800EB2A62 /* Debug */,
				43827CB21BE4DDF800EB2A62 /* Release */,
			);
			defaultConfigurationIsVisible = 0;
			defaultConfigurationName = Release;
		};
/* End XCConfigurationList section */
	};
	rootObject = 43827C911BE4DDF800EB2A62 /* Project object */;
}
